
Microsoft Visual Studio Solution File, Format Version 12.00
# Visual Studio Version 17
VisualStudioVersion = 17.0.31903.59
MinimumVisualStudioVersion = 10.0.40219.1
Project("{2150E333-8FDC-42A3-9474-1A3956D46DE8}") = "Libs", "Libs", "{0FC256E5-C6D1-47EB-A1E0-BC25756D6788}"
EndProject
Project("{9A19103F-16F7-4668-BE54-9A1E7A4F7556}") = "SoloX.BlazorJsonLocalization", "src\libs\SoloX.BlazorJsonLocalization\SoloX.BlazorJsonLocalization.csproj", "{C1801439-B5CF-4C0E-9329-6C1257C42C1A}"
EndProject
Project("{2150E333-8FDC-42A3-9474-1A3956D46DE8}") = "Tests", "Tests", "{04B1389F-9BC9-4D7D-93CE-675F982A16F4}"
EndProject
Project("{2150E333-8FDC-42A3-9474-1A3956D46DE8}") = "Examples", "Examples", "{28F3461B-2FF7-4F3D-8C80-5A5B19FC0A5C}"
EndProject
Project("{9A19103F-16F7-4668-BE54-9A1E7A4F7556}") = "SoloX.BlazorJsonLocalization.UTests", "src\tests\SoloX.BlazorJsonLocalization.UTests\SoloX.BlazorJsonLocalization.UTests.csproj", "{741A6837-FDD0-4C49-877F-5BE891AE6901}"
EndProject
Project("{9A19103F-16F7-4668-BE54-9A1E7A4F7556}") = "SoloX.BlazorJsonLocalization.Example.Wasm", "src\examples\SoloX.BlazorJsonLocalization.Example.Wasm\SoloX.BlazorJsonLocalization.Example.Wasm.csproj", "{4C2ABA2E-4A00-421D-9C5A-E86C3CC510C8}"
EndProject
Project("{9A19103F-16F7-4668-BE54-9A1E7A4F7556}") = "SoloX.BlazorJsonLocalization.ITests", "src\tests\SoloX.BlazorJsonLocalization.ITests\SoloX.BlazorJsonLocalization.ITests.csproj", "{3BD5D258-22EA-4830-A697-AE897B16782D}"
EndProject
Project("{2150E333-8FDC-42A3-9474-1A3956D46DE8}") = "Documents", "Documents", "{F8C0C88A-0F31-493C-AC26-921133378F75}"
	ProjectSection(SolutionItems) = preProject
		documents\BreakingChanges.md = documents\BreakingChanges.md
		coverlet.runsettings = coverlet.runsettings
		LICENSE = LICENSE
		documents\LocalizationGen.md = documents\LocalizationGen.md
		README.md = README.md
		src\SharedProperties.props = src\SharedProperties.props
	EndProjectSection
EndProject
Project("{9A19103F-16F7-4668-BE54-9A1E7A4F7556}") = "SoloX.BlazorJsonLocalization.Example.ServerSide", "src\examples\SoloX.BlazorJsonLocalization.Example.ServerSide\SoloX.BlazorJsonLocalization.Example.ServerSide.csproj", "{9FF7C1B9-AE6E-43A5-AA67-97B05A40798C}"
EndProject
Project("{9A19103F-16F7-4668-BE54-9A1E7A4F7556}") = "SoloX.BlazorJsonLocalization.Example.Components.Embedded", "src\examples\SoloX.BlazorJsonLocalization.Example.Components.Embedded\SoloX.BlazorJsonLocalization.Example.Components.Embedded.csproj", "{46A3DB36-D6F0-467F-8E9D-F584FA529421}"
EndProject
Project("{9A19103F-16F7-4668-BE54-9A1E7A4F7556}") = "SoloX.BlazorJsonLocalization.ServerSide", "src\libs\SoloX.BlazorJsonLocalization.ServerSide\SoloX.BlazorJsonLocalization.ServerSide.csproj", "{5A178366-F360-42CC-99C3-78F521BA5D2E}"
EndProject
Project("{9A19103F-16F7-4668-BE54-9A1E7A4F7556}") = "SoloX.BlazorJsonLocalization.WebAssembly", "src\libs\SoloX.BlazorJsonLocalization.WebAssembly\SoloX.BlazorJsonLocalization.WebAssembly.csproj", "{FC6C52CB-3792-4121-B398-06E4125A2BCF}"
EndProject
Project("{9A19103F-16F7-4668-BE54-9A1E7A4F7556}") = "SoloX.BlazorJsonLocalization.ServerSide.UTests", "src\tests\SoloX.BlazorJsonLocalization.ServerSide.UTests\SoloX.BlazorJsonLocalization.ServerSide.UTests.csproj", "{DD6B7C16-BC9A-4AE4-ADB2-0E50B88A60A3}"
EndProject
Project("{9A19103F-16F7-4668-BE54-9A1E7A4F7556}") = "SoloX.BlazorJsonLocalization.Example.Components.StaticAssets", "src\examples\SoloX.BlazorJsonLocalization.Example.Components.StaticAssets\SoloX.BlazorJsonLocalization.Example.Components.StaticAssets.csproj", "{157E96C3-6B5A-4355-9051-C4B9D4EF9B94}"
EndProject
Project("{2150E333-8FDC-42A3-9474-1A3956D46DE8}") = "Build", "Build", "{F5B186EB-3D14-4CF7-A9B2-2BBA712D0124}"
	ProjectSection(SolutionItems) = preProject
		.github\workflows\build-ci.yml = .github\workflows\build-ci.yml
		.github\workflows\build-pr.yml = .github\workflows\build-pr.yml
	EndProjectSection
EndProject
Project("{9A19103F-16F7-4668-BE54-9A1E7A4F7556}") = "SoloX.BlazorJsonLocalization.Example.Components.SharedLocalization", "src\examples\SoloX.BlazorJsonLocalization.Example.Components.SharedLocalization\SoloX.BlazorJsonLocalization.Example.Components.SharedLocalization.csproj", "{CD894707-863C-4B92-924C-F6D8241E78D7}"
EndProject
Project("{2150E333-8FDC-42A3-9474-1A3956D46DE8}") = "Tools", "Tools", "{3AB1D2DC-2E54-443E-A79F-41ABDAA4204F}"
EndProject
Project("{2150E333-8FDC-42A3-9474-1A3956D46DE8}") = "Tools.Tests", "Tools.Tests", "{E76D1BB1-54C5-4A66-8340-7770D938434E}"
EndProject
Project("{9A19103F-16F7-4668-BE54-9A1E7A4F7556}") = "SoloX.BlazorJsonLocalization.Tools.Core", "src\tools\SoloX.BlazorJsonLocalization.Tools.Core\SoloX.BlazorJsonLocalization.Tools.Core.csproj", "{9431AC40-647A-4067-A8E9-5234F417CC88}"
EndProject
Project("{9A19103F-16F7-4668-BE54-9A1E7A4F7556}") = "SoloX.BlazorJsonLocalization.Attributes", "src\libs\SoloX.BlazorJsonLocalization.Attributes\SoloX.BlazorJsonLocalization.Attributes.csproj", "{C105F04C-5F6A-47D0-9580-BE56346C7992}"
EndProject
Project("{9A19103F-16F7-4668-BE54-9A1E7A4F7556}") = "SoloX.BlazorJsonLocalization.Tools.Extensions", "src\tools\SoloX.BlazorJsonLocalization.Tools.Extensions\SoloX.BlazorJsonLocalization.Tools.Extensions.csproj", "{15FAB3F8-DF44-4639-8558-418CA9B91D6D}"
EndProject
Project("{9A19103F-16F7-4668-BE54-9A1E7A4F7556}") = "SoloX.BlazorJsonLocalization.Tools.Command", "src\tools\SoloX.BlazorJsonLocalization.Tools.Command\SoloX.BlazorJsonLocalization.Tools.Command.csproj", "{795FF9B9-2CB5-409E-B372-1D8F9082A289}"
EndProject
Project("{9A19103F-16F7-4668-BE54-9A1E7A4F7556}") = "SoloX.BlazorJsonLocalization.Generator", "src\tools\SoloX.BlazorJsonLocalization.Generator\SoloX.BlazorJsonLocalization.Generator.csproj", "{EA4554F7-6A32-4FDC-AD13-F1C585DF150B}"
EndProject
Project("{9A19103F-16F7-4668-BE54-9A1E7A4F7556}") = "SoloX.BlazorJsonLocalization.Tools.Core.ITests", "src\tools.tests\SoloX.BlazorJsonLocalization.Tools.Core.ITests\SoloX.BlazorJsonLocalization.Tools.Core.ITests.csproj", "{692129FB-C59D-4903-98D4-53E6F09B8F38}"
EndProject
Project("{9A19103F-16F7-4668-BE54-9A1E7A4F7556}") = "SoloX.BlazorJsonLocalization.Generator.Sample", "src\tools.examples\SoloX.BlazorJsonLocalization.Generator.Sample\SoloX.BlazorJsonLocalization.Generator.Sample.csproj", "{1341FFF0-7D7E-41B2-99FD-16E19E01B4EB}"
EndProject
Project("{2150E333-8FDC-42A3-9474-1A3956D46DE8}") = "Tools.Examples", "Tools.Examples", "{DB31B12E-0E5B-406D-BA0E-5833707752DC}"
EndProject
Project("{9A19103F-16F7-4668-BE54-9A1E7A4F7556}") = "SoloX.BlazorJsonLocalization.Generator.ITests", "src\tools.tests\SoloX.BlazorJsonLocalization.Generator.ITests\SoloX.BlazorJsonLocalization.Generator.ITests.csproj", "{C970D28F-5FB3-4273-9A38-A1243364DA4C}"
EndProject
Project("{9A19103F-16F7-4668-BE54-9A1E7A4F7556}") = "SoloX.BlazorJsonLocalization.Tools.Core.UTests", "src\tools.tests\SoloX.BlazorJsonLocalization.Tools.Core.UTests\SoloX.BlazorJsonLocalization.Tools.Core.UTests.csproj", "{CA45167E-B5AD-4DF8-B29D-AA8DF82C922B}"
EndProject
Project("{9A19103F-16F7-4668-BE54-9A1E7A4F7556}") = "SoloX.BlazorJsonLocalization.Tools.Core.Samples", "src\tools.tests\SoloX.BlazorJsonLocalization.Tools.Core.Samples\SoloX.BlazorJsonLocalization.Tools.Core.Samples.csproj", "{E633FA15-35AD-493E-A3AA-3AFD06729F3D}"
EndProject
Project("{9A19103F-16F7-4668-BE54-9A1E7A4F7556}") = "SoloX.BlazorJsonLocalization.Example.Components.Embedded2", "src\examples\SoloX.BlazorJsonLocalization.Example.Components.Embedded2\SoloX.BlazorJsonLocalization.Example.Components.Embedded2.csproj", "{CCDA128E-8111-4F30-B664-07511B8351A8}"
EndProject
Project("{9A19103F-16F7-4668-BE54-9A1E7A4F7556}") = "SoloX.BlazorJsonLocalization.Example.Components.Embedded3", "src\examples\SoloX.BlazorJsonLocalization.Example.Components.Embedded3\SoloX.BlazorJsonLocalization.Example.Components.Embedded3.csproj", "{6C0089AE-1AAE-4FAC-A296-02CFF1F55EEB}"
EndProject
Project("{FAE04EC0-301F-11D3-BF4B-00C04F79EFBC}") = "SoloX.BlazorJsonLocalization.Example.WebApp", "src\examples\SoloX.BlazorJsonLocalization.Example.WebApp\SoloX.BlazorJsonLocalization.Example.WebApp\SoloX.BlazorJsonLocalization.Example.WebApp.csproj", "{A4F286D8-4003-48EB-87F5-715384D82092}"
EndProject
Project("{FAE04EC0-301F-11D3-BF4B-00C04F79EFBC}") = "SoloX.BlazorJsonLocalization.Example.WebApp.Client", "src\examples\SoloX.BlazorJsonLocalization.Example.WebApp\SoloX.BlazorJsonLocalization.Example.WebApp.Client\SoloX.BlazorJsonLocalization.Example.WebApp.Client.csproj", "{2ED9CFA1-34B8-4A9B-A2F7-B7D53B96AA06}"
EndProject
Global
	GlobalSection(SolutionConfigurationPlatforms) = preSolution
		Debug|Any CPU = Debug|Any CPU
		Release|Any CPU = Release|Any CPU
	EndGlobalSection
	GlobalSection(ProjectConfigurationPlatforms) = postSolution
		{C1801439-B5CF-4C0E-9329-6C1257C42C1A}.Debug|Any CPU.ActiveCfg = Debug|Any CPU
		{C1801439-B5CF-4C0E-9329-6C1257C42C1A}.Debug|Any CPU.Build.0 = Debug|Any CPU
		{C1801439-B5CF-4C0E-9329-6C1257C42C1A}.Release|Any CPU.ActiveCfg = Release|Any CPU
		{C1801439-B5CF-4C0E-9329-6C1257C42C1A}.Release|Any CPU.Build.0 = Release|Any CPU
		{741A6837-FDD0-4C49-877F-5BE891AE6901}.Debug|Any CPU.ActiveCfg = Debug|Any CPU
		{741A6837-FDD0-4C49-877F-5BE891AE6901}.Debug|Any CPU.Build.0 = Debug|Any CPU
		{741A6837-FDD0-4C49-877F-5BE891AE6901}.Release|Any CPU.ActiveCfg = Release|Any CPU
		{741A6837-FDD0-4C49-877F-5BE891AE6901}.Release|Any CPU.Build.0 = Release|Any CPU
		{4C2ABA2E-4A00-421D-9C5A-E86C3CC510C8}.Debug|Any CPU.ActiveCfg = Debug|Any CPU
		{4C2ABA2E-4A00-421D-9C5A-E86C3CC510C8}.Debug|Any CPU.Build.0 = Debug|Any CPU
		{4C2ABA2E-4A00-421D-9C5A-E86C3CC510C8}.Release|Any CPU.ActiveCfg = Release|Any CPU
		{4C2ABA2E-4A00-421D-9C5A-E86C3CC510C8}.Release|Any CPU.Build.0 = Release|Any CPU
		{3BD5D258-22EA-4830-A697-AE897B16782D}.Debug|Any CPU.ActiveCfg = Debug|Any CPU
		{3BD5D258-22EA-4830-A697-AE897B16782D}.Debug|Any CPU.Build.0 = Debug|Any CPU
		{3BD5D258-22EA-4830-A697-AE897B16782D}.Release|Any CPU.ActiveCfg = Release|Any CPU
		{3BD5D258-22EA-4830-A697-AE897B16782D}.Release|Any CPU.Build.0 = Release|Any CPU
		{9FF7C1B9-AE6E-43A5-AA67-97B05A40798C}.Debug|Any CPU.ActiveCfg = Debug|Any CPU
		{9FF7C1B9-AE6E-43A5-AA67-97B05A40798C}.Debug|Any CPU.Build.0 = Debug|Any CPU
		{9FF7C1B9-AE6E-43A5-AA67-97B05A40798C}.Release|Any CPU.ActiveCfg = Release|Any CPU
		{9FF7C1B9-AE6E-43A5-AA67-97B05A40798C}.Release|Any CPU.Build.0 = Release|Any CPU
		{46A3DB36-D6F0-467F-8E9D-F584FA529421}.Debug|Any CPU.ActiveCfg = Debug|Any CPU
		{46A3DB36-D6F0-467F-8E9D-F584FA529421}.Debug|Any CPU.Build.0 = Debug|Any CPU
		{46A3DB36-D6F0-467F-8E9D-F584FA529421}.Release|Any CPU.ActiveCfg = Release|Any CPU
		{46A3DB36-D6F0-467F-8E9D-F584FA529421}.Release|Any CPU.Build.0 = Release|Any CPU
		{5A178366-F360-42CC-99C3-78F521BA5D2E}.Debug|Any CPU.ActiveCfg = Debug|Any CPU
		{5A178366-F360-42CC-99C3-78F521BA5D2E}.Debug|Any CPU.Build.0 = Debug|Any CPU
		{5A178366-F360-42CC-99C3-78F521BA5D2E}.Release|Any CPU.ActiveCfg = Release|Any CPU
		{5A178366-F360-42CC-99C3-78F521BA5D2E}.Release|Any CPU.Build.0 = Release|Any CPU
		{FC6C52CB-3792-4121-B398-06E4125A2BCF}.Debug|Any CPU.ActiveCfg = Debug|Any CPU
		{FC6C52CB-3792-4121-B398-06E4125A2BCF}.Debug|Any CPU.Build.0 = Debug|Any CPU
		{FC6C52CB-3792-4121-B398-06E4125A2BCF}.Release|Any CPU.ActiveCfg = Release|Any CPU
		{FC6C52CB-3792-4121-B398-06E4125A2BCF}.Release|Any CPU.Build.0 = Release|Any CPU
		{DD6B7C16-BC9A-4AE4-ADB2-0E50B88A60A3}.Debug|Any CPU.ActiveCfg = Debug|Any CPU
		{DD6B7C16-BC9A-4AE4-ADB2-0E50B88A60A3}.Debug|Any CPU.Build.0 = Debug|Any CPU
		{DD6B7C16-BC9A-4AE4-ADB2-0E50B88A60A3}.Release|Any CPU.ActiveCfg = Release|Any CPU
		{DD6B7C16-BC9A-4AE4-ADB2-0E50B88A60A3}.Release|Any CPU.Build.0 = Release|Any CPU
		{157E96C3-6B5A-4355-9051-C4B9D4EF9B94}.Debug|Any CPU.ActiveCfg = Debug|Any CPU
		{157E96C3-6B5A-4355-9051-C4B9D4EF9B94}.Debug|Any CPU.Build.0 = Debug|Any CPU
		{157E96C3-6B5A-4355-9051-C4B9D4EF9B94}.Release|Any CPU.ActiveCfg = Release|Any CPU
		{157E96C3-6B5A-4355-9051-C4B9D4EF9B94}.Release|Any CPU.Build.0 = Release|Any CPU
		{CD894707-863C-4B92-924C-F6D8241E78D7}.Debug|Any CPU.ActiveCfg = Debug|Any CPU
		{CD894707-863C-4B92-924C-F6D8241E78D7}.Debug|Any CPU.Build.0 = Debug|Any CPU
		{CD894707-863C-4B92-924C-F6D8241E78D7}.Release|Any CPU.ActiveCfg = Release|Any CPU
		{CD894707-863C-4B92-924C-F6D8241E78D7}.Release|Any CPU.Build.0 = Release|Any CPU
		{9431AC40-647A-4067-A8E9-5234F417CC88}.Debug|Any CPU.ActiveCfg = Debug|Any CPU
		{9431AC40-647A-4067-A8E9-5234F417CC88}.Debug|Any CPU.Build.0 = Debug|Any CPU
		{9431AC40-647A-4067-A8E9-5234F417CC88}.Release|Any CPU.ActiveCfg = Release|Any CPU
		{9431AC40-647A-4067-A8E9-5234F417CC88}.Release|Any CPU.Build.0 = Release|Any CPU
		{C105F04C-5F6A-47D0-9580-BE56346C7992}.Debug|Any CPU.ActiveCfg = Debug|Any CPU
		{C105F04C-5F6A-47D0-9580-BE56346C7992}.Debug|Any CPU.Build.0 = Debug|Any CPU
		{C105F04C-5F6A-47D0-9580-BE56346C7992}.Release|Any CPU.ActiveCfg = Release|Any CPU
		{C105F04C-5F6A-47D0-9580-BE56346C7992}.Release|Any CPU.Build.0 = Release|Any CPU
		{15FAB3F8-DF44-4639-8558-418CA9B91D6D}.Debug|Any CPU.ActiveCfg = Debug|Any CPU
		{15FAB3F8-DF44-4639-8558-418CA9B91D6D}.Debug|Any CPU.Build.0 = Debug|Any CPU
		{15FAB3F8-DF44-4639-8558-418CA9B91D6D}.Release|Any CPU.ActiveCfg = Release|Any CPU
		{15FAB3F8-DF44-4639-8558-418CA9B91D6D}.Release|Any CPU.Build.0 = Release|Any CPU
		{795FF9B9-2CB5-409E-B372-1D8F9082A289}.Debug|Any CPU.ActiveCfg = Debug|Any CPU
		{795FF9B9-2CB5-409E-B372-1D8F9082A289}.Debug|Any CPU.Build.0 = Debug|Any CPU
		{795FF9B9-2CB5-409E-B372-1D8F9082A289}.Release|Any CPU.ActiveCfg = Release|Any CPU
		{795FF9B9-2CB5-409E-B372-1D8F9082A289}.Release|Any CPU.Build.0 = Release|Any CPU
		{EA4554F7-6A32-4FDC-AD13-F1C585DF150B}.Debug|Any CPU.ActiveCfg = Debug|Any CPU
		{EA4554F7-6A32-4FDC-AD13-F1C585DF150B}.Debug|Any CPU.Build.0 = Debug|Any CPU
		{EA4554F7-6A32-4FDC-AD13-F1C585DF150B}.Release|Any CPU.ActiveCfg = Release|Any CPU
		{EA4554F7-6A32-4FDC-AD13-F1C585DF150B}.Release|Any CPU.Build.0 = Release|Any CPU
		{692129FB-C59D-4903-98D4-53E6F09B8F38}.Debug|Any CPU.ActiveCfg = Debug|Any CPU
		{692129FB-C59D-4903-98D4-53E6F09B8F38}.Debug|Any CPU.Build.0 = Debug|Any CPU
		{692129FB-C59D-4903-98D4-53E6F09B8F38}.Release|Any CPU.ActiveCfg = Release|Any CPU
		{692129FB-C59D-4903-98D4-53E6F09B8F38}.Release|Any CPU.Build.0 = Release|Any CPU
		{1341FFF0-7D7E-41B2-99FD-16E19E01B4EB}.Debug|Any CPU.ActiveCfg = Debug|Any CPU
		{1341FFF0-7D7E-41B2-99FD-16E19E01B4EB}.Debug|Any CPU.Build.0 = Debug|Any CPU
		{1341FFF0-7D7E-41B2-99FD-16E19E01B4EB}.Release|Any CPU.ActiveCfg = Release|Any CPU
		{1341FFF0-7D7E-41B2-99FD-16E19E01B4EB}.Release|Any CPU.Build.0 = Release|Any CPU
		{C970D28F-5FB3-4273-9A38-A1243364DA4C}.Debug|Any CPU.ActiveCfg = Debug|Any CPU
		{C970D28F-5FB3-4273-9A38-A1243364DA4C}.Debug|Any CPU.Build.0 = Debug|Any CPU
		{C970D28F-5FB3-4273-9A38-A1243364DA4C}.Release|Any CPU.ActiveCfg = Release|Any CPU
		{C970D28F-5FB3-4273-9A38-A1243364DA4C}.Release|Any CPU.Build.0 = Release|Any CPU
		{CA45167E-B5AD-4DF8-B29D-AA8DF82C922B}.Debug|Any CPU.ActiveCfg = Debug|Any CPU
		{CA45167E-B5AD-4DF8-B29D-AA8DF82C922B}.Debug|Any CPU.Build.0 = Debug|Any CPU
		{CA45167E-B5AD-4DF8-B29D-AA8DF82C922B}.Release|Any CPU.ActiveCfg = Release|Any CPU
		{CA45167E-B5AD-4DF8-B29D-AA8DF82C922B}.Release|Any CPU.Build.0 = Release|Any CPU
		{E633FA15-35AD-493E-A3AA-3AFD06729F3D}.Debug|Any CPU.ActiveCfg = Debug|Any CPU
		{E633FA15-35AD-493E-A3AA-3AFD06729F3D}.Debug|Any CPU.Build.0 = Debug|Any CPU
		{E633FA15-35AD-493E-A3AA-3AFD06729F3D}.Release|Any CPU.ActiveCfg = Release|Any CPU
		{E633FA15-35AD-493E-A3AA-3AFD06729F3D}.Release|Any CPU.Build.0 = Release|Any CPU
		{CCDA128E-8111-4F30-B664-07511B8351A8}.Debug|Any CPU.ActiveCfg = Debug|Any CPU
		{CCDA128E-8111-4F30-B664-07511B8351A8}.Debug|Any CPU.Build.0 = Debug|Any CPU
		{CCDA128E-8111-4F30-B664-07511B8351A8}.Release|Any CPU.ActiveCfg = Release|Any CPU
		{CCDA128E-8111-4F30-B664-07511B8351A8}.Release|Any CPU.Build.0 = Release|Any CPU
		{6C0089AE-1AAE-4FAC-A296-02CFF1F55EEB}.Debug|Any CPU.ActiveCfg = Debug|Any CPU
		{6C0089AE-1AAE-4FAC-A296-02CFF1F55EEB}.Debug|Any CPU.Build.0 = Debug|Any CPU
		{6C0089AE-1AAE-4FAC-A296-02CFF1F55EEB}.Release|Any CPU.ActiveCfg = Release|Any CPU
		{6C0089AE-1AAE-4FAC-A296-02CFF1F55EEB}.Release|Any CPU.Build.0 = Release|Any CPU
		{A4F286D8-4003-48EB-87F5-715384D82092}.Debug|Any CPU.ActiveCfg = Debug|Any CPU
		{A4F286D8-4003-48EB-87F5-715384D82092}.Debug|Any CPU.Build.0 = Debug|Any CPU
		{A4F286D8-4003-48EB-87F5-715384D82092}.Release|Any CPU.ActiveCfg = Release|Any CPU
		{A4F286D8-4003-48EB-87F5-715384D82092}.Release|Any CPU.Build.0 = Release|Any CPU
		{2ED9CFA1-34B8-4A9B-A2F7-B7D53B96AA06}.Debug|Any CPU.ActiveCfg = Debug|Any CPU
		{2ED9CFA1-34B8-4A9B-A2F7-B7D53B96AA06}.Debug|Any CPU.Build.0 = Debug|Any CPU
		{2ED9CFA1-34B8-4A9B-A2F7-B7D53B96AA06}.Release|Any CPU.ActiveCfg = Release|Any CPU
		{2ED9CFA1-34B8-4A9B-A2F7-B7D53B96AA06}.Release|Any CPU.Build.0 = Release|Any CPU
	EndGlobalSection
	GlobalSection(SolutionProperties) = preSolution
		HideSolutionNode = FALSE
	EndGlobalSection
	GlobalSection(NestedProjects) = preSolution
		{C1801439-B5CF-4C0E-9329-6C1257C42C1A} = {0FC256E5-C6D1-47EB-A1E0-BC25756D6788}
		{741A6837-FDD0-4C49-877F-5BE891AE6901} = {04B1389F-9BC9-4D7D-93CE-675F982A16F4}
		{4C2ABA2E-4A00-421D-9C5A-E86C3CC510C8} = {28F3461B-2FF7-4F3D-8C80-5A5B19FC0A5C}
		{3BD5D258-22EA-4830-A697-AE897B16782D} = {04B1389F-9BC9-4D7D-93CE-675F982A16F4}
		{9FF7C1B9-AE6E-43A5-AA67-97B05A40798C} = {28F3461B-2FF7-4F3D-8C80-5A5B19FC0A5C}
		{46A3DB36-D6F0-467F-8E9D-F584FA529421} = {28F3461B-2FF7-4F3D-8C80-5A5B19FC0A5C}
		{5A178366-F360-42CC-99C3-78F521BA5D2E} = {0FC256E5-C6D1-47EB-A1E0-BC25756D6788}
		{FC6C52CB-3792-4121-B398-06E4125A2BCF} = {0FC256E5-C6D1-47EB-A1E0-BC25756D6788}
		{DD6B7C16-BC9A-4AE4-ADB2-0E50B88A60A3} = {04B1389F-9BC9-4D7D-93CE-675F982A16F4}
		{157E96C3-6B5A-4355-9051-C4B9D4EF9B94} = {28F3461B-2FF7-4F3D-8C80-5A5B19FC0A5C}
		{CD894707-863C-4B92-924C-F6D8241E78D7} = {28F3461B-2FF7-4F3D-8C80-5A5B19FC0A5C}
		{9431AC40-647A-4067-A8E9-5234F417CC88} = {3AB1D2DC-2E54-443E-A79F-41ABDAA4204F}
		{C105F04C-5F6A-47D0-9580-BE56346C7992} = {0FC256E5-C6D1-47EB-A1E0-BC25756D6788}
		{15FAB3F8-DF44-4639-8558-418CA9B91D6D} = {3AB1D2DC-2E54-443E-A79F-41ABDAA4204F}
		{795FF9B9-2CB5-409E-B372-1D8F9082A289} = {3AB1D2DC-2E54-443E-A79F-41ABDAA4204F}
		{EA4554F7-6A32-4FDC-AD13-F1C585DF150B} = {3AB1D2DC-2E54-443E-A79F-41ABDAA4204F}
		{692129FB-C59D-4903-98D4-53E6F09B8F38} = {E76D1BB1-54C5-4A66-8340-7770D938434E}
		{1341FFF0-7D7E-41B2-99FD-16E19E01B4EB} = {DB31B12E-0E5B-406D-BA0E-5833707752DC}
		{C970D28F-5FB3-4273-9A38-A1243364DA4C} = {E76D1BB1-54C5-4A66-8340-7770D938434E}
		{CA45167E-B5AD-4DF8-B29D-AA8DF82C922B} = {E76D1BB1-54C5-4A66-8340-7770D938434E}
		{E633FA15-35AD-493E-A3AA-3AFD06729F3D} = {E76D1BB1-54C5-4A66-8340-7770D938434E}
		{CCDA128E-8111-4F30-B664-07511B8351A8} = {28F3461B-2FF7-4F3D-8C80-5A5B19FC0A5C}
		{6C0089AE-1AAE-4FAC-A296-02CFF1F55EEB} = {28F3461B-2FF7-4F3D-8C80-5A5B19FC0A5C}
		{A4F286D8-4003-48EB-87F5-715384D82092} = {28F3461B-2FF7-4F3D-8C80-5A5B19FC0A5C}
		{2ED9CFA1-34B8-4A9B-A2F7-B7D53B96AA06} = {28F3461B-2FF7-4F3D-8C80-5A5B19FC0A5C}
	EndGlobalSection
	GlobalSection(ExtensibilityGlobals) = postSolution
		SolutionGuid = {71CD89EF-3478-4973-8A62-06CDA80ACB54}
	EndGlobalSection
EndGlobal
